// !$*UTF8*$!
{
	archiveVersion = 1;
	classes = {
	};
	objectVersion = 51;
	objects = {

/* Begin PBXBuildFile section */
		00E356F31AD99517003FC87E /* OnlineMagazineTests.m in Sources */ = {isa = PBXBuildFile; fileRef = 00E356F21AD99517003FC87E /* OnlineMagazineTests.m */; };
		06485BD1DFEF461298370FD6 /* FontAwesome5_Brands.ttf in Resources */ = {isa = PBXBuildFile; fileRef = 8073F56F51D24650BAE1F038 /* FontAwesome5_Brands.ttf */; };
		10C2A54DB4B14671B9B7D7B1 /* AntDesign.ttf in Resources */ = {isa = PBXBuildFile; fileRef = 8F917B0F283F4BC1B3F7AB8D /* AntDesign.ttf */; };
		13B07FBC1A68108700A75B9A /* AppDelegate.m in Sources */ = {isa = PBXBuildFile; fileRef = 13B07FB01A68108700A75B9A /* AppDelegate.m */; };
		13B07FBD1A68108700A75B9A /* LaunchScreen.xib in Resources */ = {isa = PBXBuildFile; fileRef = 13B07FB11A68108700A75B9A /* LaunchScreen.xib */; };
		13B07FBF1A68108700A75B9A /* Images.xcassets in Resources */ = {isa = PBXBuildFile; fileRef = 13B07FB51A68108700A75B9A /* Images.xcassets */; };
		13B07FC11A68108700A75B9A /* main.m in Sources */ = {isa = PBXBuildFile; fileRef = 13B07FB71A68108700A75B9A /* main.m */; };
		187480EE25A70F6400077759 /* libPods-OnlineMagazine.a in Frameworks */ = {isa = PBXBuildFile; fileRef = 187480ED25A70F6400077759 /* libPods-OnlineMagazine.a */; };
		18839B6110144FE1BEE4AA72 /* Foundation.ttf in Resources */ = {isa = PBXBuildFile; fileRef = 03513EAD2B184874B7A6FB55 /* Foundation.ttf */; };
		1DE672FA5B134D38B861D434 /* Entypo.ttf in Resources */ = {isa = PBXBuildFile; fileRef = C04955782C0E43738FE0CC03 /* Entypo.ttf */; };
		257F951185F94844838DE0DE /* Fontisto.ttf in Resources */ = {isa = PBXBuildFile; fileRef = 8440E8703BC14F6584E09AB7 /* Fontisto.ttf */; };
		25D6E1937B46480893673BA2 /* Montserrat-Bold.otf in Resources */ = {isa = PBXBuildFile; fileRef = 87E4FF183BDD4A7FA3A4204B /* Montserrat-Bold.otf */; };
		2D02E4BC1E0B4A80006451C7 /* AppDelegate.m in Sources */ = {isa = PBXBuildFile; fileRef = 13B07FB01A68108700A75B9A /* AppDelegate.m */; };
		2D02E4BD1E0B4A84006451C7 /* Images.xcassets in Resources */ = {isa = PBXBuildFile; fileRef = 13B07FB51A68108700A75B9A /* Images.xcassets */; };
		2D02E4BF1E0B4AB3006451C7 /* main.m in Sources */ = {isa = PBXBuildFile; fileRef = 13B07FB71A68108700A75B9A /* main.m */; };
		2DCD954D1E0B4F2C00145EB5 /* OnlineMagazineTests.m in Sources */ = {isa = PBXBuildFile; fileRef = 00E356F21AD99517003FC87E /* OnlineMagazineTests.m */; };
		2E928C6057354C47924FBFC1 /* Zocial.ttf in Resources */ = {isa = PBXBuildFile; fileRef = 9D2C832F586340E3965CC175 /* Zocial.ttf */; };
		2EE6CEC017414E8C9EC037A9 /* FontAwesome5_Solid.ttf in Resources */ = {isa = PBXBuildFile; fileRef = A1317977144F4C9DBD9946A2 /* FontAwesome5_Solid.ttf */; };
		2FCDC56BFE264562AC8B90C6 /* Fontisto.ttf in Resources */ = {isa = PBXBuildFile; fileRef = C8AF23A62FF543A09915F217 /* Fontisto.ttf */; };
		3631E7452A9843698F295A25 /* EvilIcons.ttf in Resources */ = {isa = PBXBuildFile; fileRef = 85B968D052B846F5B88165CC /* EvilIcons.ttf */; };
		43963C59CF03440E9878BC0A /* Zocial.ttf in Resources */ = {isa = PBXBuildFile; fileRef = 854342A5B4F04659BF540D2A /* Zocial.ttf */; };
		4776BFF99AB14F1689389F58 /* FontAwesome.ttf in Resources */ = {isa = PBXBuildFile; fileRef = CBDAB6961E4C4F6AB33A1546 /* FontAwesome.ttf */; };
		4A31B0A1A4BB4DCC97146E3B /* Entypo.ttf in Resources */ = {isa = PBXBuildFile; fileRef = 200EB416F4B54787A24BF4EB /* Entypo.ttf */; };
		5271276766C9425C8ADCFEA5 /* FontAwesome5_Regular.ttf in Resources */ = {isa = PBXBuildFile; fileRef = C4B5C7B74EBA445291D52056 /* FontAwesome5_Regular.ttf */; };
		5402DA5CB321C45CA2CC1B30 /* libPods-OnlineMagazine-tvOS.a in Frameworks */ = {isa = PBXBuildFile; fileRef = 356C76596C08830AE69B9429 /* libPods-OnlineMagazine-tvOS.a */; };
		56256B7754154106B223844B /* MaterialCommunityIcons.ttf in Resources */ = {isa = PBXBuildFile; fileRef = 4282C17900F24BF2B39F18F0 /* MaterialCommunityIcons.ttf */; };
		5B5BABAA028A4FEAA40970DC /* FontAwesome.ttf in Resources */ = {isa = PBXBuildFile; fileRef = 6D39796F45894178B1E46662 /* FontAwesome.ttf */; };
		5C464F75AA5A496E8B486B93 /* Roboto_medium.ttf in Resources */ = {isa = PBXBuildFile; fileRef = 8A2AB68496364DF88A24F55E /* Roboto_medium.ttf */; };
		6FB710C1715B42D59A146060 /* MaterialIcons.ttf in Resources */ = {isa = PBXBuildFile; fileRef = 9CC67B4A578646A4BD0D002D /* MaterialIcons.ttf */; };
		710C2002CE79D6FA53D4275C /* libPods-OnlineMagazineTests.a in Frameworks */ = {isa = PBXBuildFile; fileRef = B82C7FD86039F621B6749202 /* libPods-OnlineMagazineTests.a */; };
		8568D664008A41408EEDBBB2 /* Octicons.ttf in Resources */ = {isa = PBXBuildFile; fileRef = 04684DC1E53E4B8DBD85EC09 /* Octicons.ttf */; };
		8C839051CA2E49188058F8BF /* Roboto.ttf in Resources */ = {isa = PBXBuildFile; fileRef = BC185D6EBCEC42E99891B774 /* Roboto.ttf */; };
		941FAD54C3444C2BA0B6E1AC /* Ionicons.ttf in Resources */ = {isa = PBXBuildFile; fileRef = C3B4CB6B7AFE4816A815C622 /* Ionicons.ttf */; };
		A30C8038818C4D15BEA3B255 /* rubicon-icon-font.ttf in Resources */ = {isa = PBXBuildFile; fileRef = CA82FF07B1514205BDA3885C /* rubicon-icon-font.ttf */; };
		A38A9FEFC75D4B9D871EFDB7 /* Montserrat-Medium.ttf in Resources */ = {isa = PBXBuildFile; fileRef = 7F0A9FB326114DEDB73202C6 /* Montserrat-Medium.ttf */; };
		A7B906DD0AB52794C2276DF0 /* libPods-OnlineMagazine-tvOSTests.a in Frameworks */ = {isa = PBXBuildFile; fileRef = 49DF821BE5EB721A23E0129D /* libPods-OnlineMagazine-tvOSTests.a */; };
		AE4A3A2934624609BC26E821 /* Feather.ttf in Resources */ = {isa = PBXBuildFile; fileRef = 8BE85750842B4CA1AA54FCAF /* Feather.ttf */; };
		B3E73C0E5E144956B780ABD1 /* MaterialIcons.ttf in Resources */ = {isa = PBXBuildFile; fileRef = 05F4E89941D64262B9993206 /* MaterialIcons.ttf */; };
		B638BB8386714E7D842D828E /* EvilIcons.ttf in Resources */ = {isa = PBXBuildFile; fileRef = 659FDC7EACF44D508EF7ADB4 /* EvilIcons.ttf */; };
		C236B0F489AF43DC9BEE3189 /* Feather.ttf in Resources */ = {isa = PBXBuildFile; fileRef = 61535C27D9C94B2F961C2798 /* Feather.ttf */; };
		C27BCDD575BE4BB3A4AA3039 /* FontAwesome5_Solid.ttf in Resources */ = {isa = PBXBuildFile; fileRef = 8E94125F39F74078B9BB160C /* FontAwesome5_Solid.ttf */; };
		C63D8D2814D44619BB006F36 /* SimpleLineIcons.ttf in Resources */ = {isa = PBXBuildFile; fileRef = 4C09262F47334C69913BB48C /* SimpleLineIcons.ttf */; };
		D3E52F2AC4CA438780F56D94 /* MaterialCommunityIcons.ttf in Resources */ = {isa = PBXBuildFile; fileRef = 93C406DB7D82486591BF034F /* MaterialCommunityIcons.ttf */; };
		D6D846D4111342948CCACA6D /* Foundation.ttf in Resources */ = {isa = PBXBuildFile; fileRef = EA9D2A7761984B449F68A0DD /* Foundation.ttf */; };
		DE7A45A7F0DE42A082F954AB /* AntDesign.ttf in Resources */ = {isa = PBXBuildFile; fileRef = 77458EEC37074275A60B2BAD /* AntDesign.ttf */; };
		DF46DDB489EB46E3A2C8451B /* SimpleLineIcons.ttf in Resources */ = {isa = PBXBuildFile; fileRef = 310BD43DCFE84C36A88F01E3 /* SimpleLineIcons.ttf */; };
		EC5C0DEB75F84CDE9EA8246F /* Ionicons.ttf in Resources */ = {isa = PBXBuildFile; fileRef = 19304B0644FD495AA721C643 /* Ionicons.ttf */; };
		EC9369C29506414288D26171 /* Montserrat-Regular.otf in Resources */ = {isa = PBXBuildFile; fileRef = 827EBB9E5AE648188AAF6B64 /* Montserrat-Regular.otf */; };
		F2B13DB54848468FA11F2C42 /* FontAwesome5_Brands.ttf in Resources */ = {isa = PBXBuildFile; fileRef = 075CE9C2843D4C8A8756696C /* FontAwesome5_Brands.ttf */; };
		F49BB00BCBDB4F10AC13E2BE /* FontAwesome5_Regular.ttf in Resources */ = {isa = PBXBuildFile; fileRef = 726BE7BB69554E048A6C6E59 /* FontAwesome5_Regular.ttf */; };
		FABB7D435502443392D232AA /* Montserrat-SemiBold.ttf in Resources */ = {isa = PBXBuildFile; fileRef = C0D68AD8F4DD4CCB9A3FE064 /* Montserrat-SemiBold.ttf */; };
		FD5CE91EC39442AFAA7EEE8F /* Octicons.ttf in Resources */ = {isa = PBXBuildFile; fileRef = 5BEF1DFE8E964E9B9E644797 /* Octicons.ttf */; };
/* End PBXBuildFile section */

/* Begin PBXContainerItemProxy section */
		00E356F41AD99517003FC87E /* PBXContainerItemProxy */ = {
			isa = PBXContainerItemProxy;
			containerPortal = 83CBB9F71A601CBA00E9B192 /* Project object */;
			proxyType = 1;
			remoteGlobalIDString = 13B07F861A680F5B00A75B9A;
			remoteInfo = OnlineMagazine;
		};
		2D02E4911E0B4A5D006451C7 /* PBXContainerItemProxy */ = {
			isa = PBXContainerItemProxy;
			containerPortal = 83CBB9F71A601CBA00E9B192 /* Project object */;
			proxyType = 1;
			remoteGlobalIDString = 2D02E47A1E0B4A5D006451C7;
			remoteInfo = "OnlineMagazine-tvOS";
		};
/* End PBXContainerItemProxy section */

/* Begin PBXFileReference section */
		008F07F21AC5B25A0029DE68 /* main.jsbundle */ = {isa = PBXFileReference; fileEncoding = 4; lastKnownFileType = text; path = main.jsbundle; sourceTree = "<group>"; };
		00E356EE1AD99517003FC87E /* OnlineMagazineTests.xctest */ = {isa = PBXFileReference; explicitFileType = wrapper.cfbundle; includeInIndex = 0; path = OnlineMagazineTests.xctest; sourceTree = BUILT_PRODUCTS_DIR; };
		00E356F11AD99517003FC87E /* Info.plist */ = {isa = PBXFileReference; lastKnownFileType = text.plist.xml; path = Info.plist; sourceTree = "<group>"; };
		00E356F21AD99517003FC87E /* OnlineMagazineTests.m */ = {isa = PBXFileReference; lastKnownFileType = sourcecode.c.objc; path = OnlineMagazineTests.m; sourceTree = "<group>"; };
		03513EAD2B184874B7A6FB55 /* Foundation.ttf */ = {isa = PBXFileReference; explicitFileType = undefined; fileEncoding = 9; includeInIndex = 0; lastKnownFileType = unknown; name = Foundation.ttf; path = "../node_modules/native-base/Fonts/Foundation.ttf"; sourceTree = "<group>"; };
		04684DC1E53E4B8DBD85EC09 /* Octicons.ttf */ = {isa = PBXFileReference; explicitFileType = undefined; fileEncoding = 9; includeInIndex = 0; lastKnownFileType = unknown; name = Octicons.ttf; path = "../node_modules/react-native-vector-icons/Fonts/Octicons.ttf"; sourceTree = "<group>"; };
		05F4E89941D64262B9993206 /* MaterialIcons.ttf */ = {isa = PBXFileReference; explicitFileType = undefined; fileEncoding = 9; includeInIndex = 0; lastKnownFileType = unknown; name = MaterialIcons.ttf; path = "../node_modules/native-base/Fonts/MaterialIcons.ttf"; sourceTree = "<group>"; };
		075CE9C2843D4C8A8756696C /* FontAwesome5_Brands.ttf */ = {isa = PBXFileReference; explicitFileType = undefined; fileEncoding = 9; includeInIndex = 0; lastKnownFileType = unknown; name = FontAwesome5_Brands.ttf; path = "../node_modules/react-native-vector-icons/Fonts/FontAwesome5_Brands.ttf"; sourceTree = "<group>"; };
		13B07F961A680F5B00A75B9A /* Online Magazine.app */ = {isa = PBXFileReference; explicitFileType = wrapper.application; includeInIndex = 0; path = "Online Magazine.app"; sourceTree = BUILT_PRODUCTS_DIR; };
		13B07FAF1A68108700A75B9A /* AppDelegate.h */ = {isa = PBXFileReference; fileEncoding = 4; lastKnownFileType = sourcecode.c.h; name = AppDelegate.h; path = OnlineMagazine/AppDelegate.h; sourceTree = "<group>"; };
		13B07FB01A68108700A75B9A /* AppDelegate.m */ = {isa = PBXFileReference; fileEncoding = 4; lastKnownFileType = sourcecode.c.objc; name = AppDelegate.m; path = OnlineMagazine/AppDelegate.m; sourceTree = "<group>"; };
		13B07FB21A68108700A75B9A /* Base */ = {isa = PBXFileReference; lastKnownFileType = file.xib; name = Base; path = Base.lproj/LaunchScreen.xib; sourceTree = "<group>"; };
		13B07FB51A68108700A75B9A /* Images.xcassets */ = {isa = PBXFileReference; lastKnownFileType = folder.assetcatalog; name = Images.xcassets; path = OnlineMagazine/Images.xcassets; sourceTree = "<group>"; };
		13B07FB61A68108700A75B9A /* Info.plist */ = {isa = PBXFileReference; fileEncoding = 4; lastKnownFileType = text.plist.xml; name = Info.plist; path = OnlineMagazine/Info.plist; sourceTree = "<group>"; };
		13B07FB71A68108700A75B9A /* main.m */ = {isa = PBXFileReference; fileEncoding = 4; lastKnownFileType = sourcecode.c.objc; name = main.m; path = OnlineMagazine/main.m; sourceTree = "<group>"; };
		187480EC25A70E0000077759 /* OnlineMagazine copy-Info.plist */ = {isa = PBXFileReference; lastKnownFileType = text.plist.xml; name = "OnlineMagazine copy-Info.plist"; path = "/Users/apple/Desktop/OnlineMagazine/ios/OnlineMagazine copy-Info.plist"; sourceTree = "<absolute>"; };
		187480ED25A70F6400077759 /* libPods-OnlineMagazine.a */ = {isa = PBXFileReference; explicitFileType = archive.ar; path = "libPods-OnlineMagazine.a"; sourceTree = BUILT_PRODUCTS_DIR; };
		19304B0644FD495AA721C643 /* Ionicons.ttf */ = {isa = PBXFileReference; explicitFileType = undefined; fileEncoding = 9; includeInIndex = 0; lastKnownFileType = unknown; name = Ionicons.ttf; path = "../node_modules/react-native-vector-icons/Fonts/Ionicons.ttf"; sourceTree = "<group>"; };
		1F5C6209550C5AB9F4372DCE /* libPods-OnlineMagazine.a */ = {isa = PBXFileReference; explicitFileType = archive.ar; includeInIndex = 0; path = "libPods-OnlineMagazine.a"; sourceTree = BUILT_PRODUCTS_DIR; };
		200EB416F4B54787A24BF4EB /* Entypo.ttf */ = {isa = PBXFileReference; explicitFileType = undefined; fileEncoding = 9; includeInIndex = 0; lastKnownFileType = unknown; name = Entypo.ttf; path = "../node_modules/react-native-vector-icons/Fonts/Entypo.ttf"; sourceTree = "<group>"; };
		2D02E47B1E0B4A5D006451C7 /* OnlineMagazine-tvOS.app */ = {isa = PBXFileReference; explicitFileType = wrapper.application; includeInIndex = 0; path = "OnlineMagazine-tvOS.app"; sourceTree = BUILT_PRODUCTS_DIR; };
		2D02E4901E0B4A5D006451C7 /* OnlineMagazine-tvOSTests.xctest */ = {isa = PBXFileReference; explicitFileType = wrapper.cfbundle; includeInIndex = 0; path = "OnlineMagazine-tvOSTests.xctest"; sourceTree = BUILT_PRODUCTS_DIR; };
		310BD43DCFE84C36A88F01E3 /* SimpleLineIcons.ttf */ = {isa = PBXFileReference; explicitFileType = undefined; fileEncoding = 9; includeInIndex = 0; lastKnownFileType = unknown; name = SimpleLineIcons.ttf; path = "../node_modules/native-base/Fonts/SimpleLineIcons.ttf"; sourceTree = "<group>"; };
		356C76596C08830AE69B9429 /* libPods-OnlineMagazine-tvOS.a */ = {isa = PBXFileReference; explicitFileType = archive.ar; includeInIndex = 0; path = "libPods-OnlineMagazine-tvOS.a"; sourceTree = BUILT_PRODUCTS_DIR; };
		4282C17900F24BF2B39F18F0 /* MaterialCommunityIcons.ttf */ = {isa = PBXFileReference; explicitFileType = undefined; fileEncoding = 9; includeInIndex = 0; lastKnownFileType = unknown; name = MaterialCommunityIcons.ttf; path = "../node_modules/react-native-vector-icons/Fonts/MaterialCommunityIcons.ttf"; sourceTree = "<group>"; };
		4335BBD66D50358919ED2104 /* Pods-OnlineMagazine-tvOSTests.release.xcconfig */ = {isa = PBXFileReference; includeInIndex = 1; lastKnownFileType = text.xcconfig; name = "Pods-OnlineMagazine-tvOSTests.release.xcconfig"; path = "Target Support Files/Pods-OnlineMagazine-tvOSTests/Pods-OnlineMagazine-tvOSTests.release.xcconfig"; sourceTree = "<group>"; };
		471032BE5F8575CDD013BCE3 /* Pods-OnlineMagazineTests.debug.xcconfig */ = {isa = PBXFileReference; includeInIndex = 1; lastKnownFileType = text.xcconfig; name = "Pods-OnlineMagazineTests.debug.xcconfig"; path = "Target Support Files/Pods-OnlineMagazineTests/Pods-OnlineMagazineTests.debug.xcconfig"; sourceTree = "<group>"; };
		49DF821BE5EB721A23E0129D /* libPods-OnlineMagazine-tvOSTests.a */ = {isa = PBXFileReference; explicitFileType = archive.ar; includeInIndex = 0; path = "libPods-OnlineMagazine-tvOSTests.a"; sourceTree = BUILT_PRODUCTS_DIR; };
		4C09262F47334C69913BB48C /* SimpleLineIcons.ttf */ = {isa = PBXFileReference; explicitFileType = undefined; fileEncoding = 9; includeInIndex = 0; lastKnownFileType = unknown; name = SimpleLineIcons.ttf; path = "../node_modules/react-native-vector-icons/Fonts/SimpleLineIcons.ttf"; sourceTree = "<group>"; };
		559BB062635B1CD65FBE5C94 /* Pods-OnlineMagazine-tvOS.release.xcconfig */ = {isa = PBXFileReference; includeInIndex = 1; lastKnownFileType = text.xcconfig; name = "Pods-OnlineMagazine-tvOS.release.xcconfig"; path = "Target Support Files/Pods-OnlineMagazine-tvOS/Pods-OnlineMagazine-tvOS.release.xcconfig"; sourceTree = "<group>"; };
		5BEF1DFE8E964E9B9E644797 /* Octicons.ttf */ = {isa = PBXFileReference; explicitFileType = undefined; fileEncoding = 9; includeInIndex = 0; lastKnownFileType = unknown; name = Octicons.ttf; path = "../node_modules/native-base/Fonts/Octicons.ttf"; sourceTree = "<group>"; };
		61535C27D9C94B2F961C2798 /* Feather.ttf */ = {isa = PBXFileReference; explicitFileType = undefined; fileEncoding = 9; includeInIndex = 0; lastKnownFileType = unknown; name = Feather.ttf; path = "../node_modules/native-base/Fonts/Feather.ttf"; sourceTree = "<group>"; };
		659FDC7EACF44D508EF7ADB4 /* EvilIcons.ttf */ = {isa = PBXFileReference; explicitFileType = undefined; fileEncoding = 9; includeInIndex = 0; lastKnownFileType = unknown; name = EvilIcons.ttf; path = "../node_modules/native-base/Fonts/EvilIcons.ttf"; sourceTree = "<group>"; };
		6D39796F45894178B1E46662 /* FontAwesome.ttf */ = {isa = PBXFileReference; explicitFileType = undefined; fileEncoding = 9; includeInIndex = 0; lastKnownFileType = unknown; name = FontAwesome.ttf; path = "../node_modules/native-base/Fonts/FontAwesome.ttf"; sourceTree = "<group>"; };
		726BE7BB69554E048A6C6E59 /* FontAwesome5_Regular.ttf */ = {isa = PBXFileReference; explicitFileType = undefined; fileEncoding = 9; includeInIndex = 0; lastKnownFileType = unknown; name = FontAwesome5_Regular.ttf; path = "../node_modules/react-native-vector-icons/Fonts/FontAwesome5_Regular.ttf"; sourceTree = "<group>"; };
		77458EEC37074275A60B2BAD /* AntDesign.ttf */ = {isa = PBXFileReference; explicitFileType = undefined; fileEncoding = 9; includeInIndex = 0; lastKnownFileType = unknown; name = AntDesign.ttf; path = "../node_modules/native-base/Fonts/AntDesign.ttf"; sourceTree = "<group>"; };
		7C448C3F2799BC3AEE28C265 /* Pods-OnlineMagazine.debug.xcconfig */ = {isa = PBXFileReference; includeInIndex = 1; lastKnownFileType = text.xcconfig; name = "Pods-OnlineMagazine.debug.xcconfig"; path = "Target Support Files/Pods-OnlineMagazine/Pods-OnlineMagazine.debug.xcconfig"; sourceTree = "<group>"; };
		7F0A9FB326114DEDB73202C6 /* Montserrat-Medium.ttf */ = {isa = PBXFileReference; explicitFileType = undefined; fileEncoding = 9; includeInIndex = 0; lastKnownFileType = unknown; name = "Montserrat-Medium.ttf"; path = "../assets/fonts/Montserrat-Medium.ttf"; sourceTree = "<group>"; };
		8073F56F51D24650BAE1F038 /* FontAwesome5_Brands.ttf */ = {isa = PBXFileReference; explicitFileType = undefined; fileEncoding = 9; includeInIndex = 0; lastKnownFileType = unknown; name = FontAwesome5_Brands.ttf; path = "../node_modules/native-base/Fonts/FontAwesome5_Brands.ttf"; sourceTree = "<group>"; };
		827EBB9E5AE648188AAF6B64 /* Montserrat-Regular.otf */ = {isa = PBXFileReference; explicitFileType = undefined; fileEncoding = 9; includeInIndex = 0; lastKnownFileType = unknown; name = "Montserrat-Regular.otf"; path = "../assets/fonts/Montserrat-Regular.otf"; sourceTree = "<group>"; };
		8440E8703BC14F6584E09AB7 /* Fontisto.ttf */ = {isa = PBXFileReference; explicitFileType = undefined; fileEncoding = 9; includeInIndex = 0; lastKnownFileType = unknown; name = Fontisto.ttf; path = "../node_modules/native-base/Fonts/Fontisto.ttf"; sourceTree = "<group>"; };
		854342A5B4F04659BF540D2A /* Zocial.ttf */ = {isa = PBXFileReference; explicitFileType = undefined; fileEncoding = 9; includeInIndex = 0; lastKnownFileType = unknown; name = Zocial.ttf; path = "../node_modules/native-base/Fonts/Zocial.ttf"; sourceTree = "<group>"; };
		85B968D052B846F5B88165CC /* EvilIcons.ttf */ = {isa = PBXFileReference; explicitFileType = undefined; fileEncoding = 9; includeInIndex = 0; lastKnownFileType = unknown; name = EvilIcons.ttf; path = "../node_modules/react-native-vector-icons/Fonts/EvilIcons.ttf"; sourceTree = "<group>"; };
		87E4FF183BDD4A7FA3A4204B /* Montserrat-Bold.otf */ = {isa = PBXFileReference; explicitFileType = undefined; fileEncoding = 9; includeInIndex = 0; lastKnownFileType = unknown; name = "Montserrat-Bold.otf"; path = "../assets/fonts/Montserrat-Bold.otf"; sourceTree = "<group>"; };
		88AD9833B5787C3DA923B6DB /* Pods-OnlineMagazine.release.xcconfig */ = {isa = PBXFileReference; includeInIndex = 1; lastKnownFileType = text.xcconfig; name = "Pods-OnlineMagazine.release.xcconfig"; path = "Target Support Files/Pods-OnlineMagazine/Pods-OnlineMagazine.release.xcconfig"; sourceTree = "<group>"; };
		8A2AB68496364DF88A24F55E /* Roboto_medium.ttf */ = {isa = PBXFileReference; explicitFileType = undefined; fileEncoding = 9; includeInIndex = 0; lastKnownFileType = unknown; name = Roboto_medium.ttf; path = "../node_modules/native-base/Fonts/Roboto_medium.ttf"; sourceTree = "<group>"; };
		8BE85750842B4CA1AA54FCAF /* Feather.ttf */ = {isa = PBXFileReference; explicitFileType = undefined; fileEncoding = 9; includeInIndex = 0; lastKnownFileType = unknown; name = Feather.ttf; path = "../node_modules/react-native-vector-icons/Fonts/Feather.ttf"; sourceTree = "<group>"; };
		8E94125F39F74078B9BB160C /* FontAwesome5_Solid.ttf */ = {isa = PBXFileReference; explicitFileType = undefined; fileEncoding = 9; includeInIndex = 0; lastKnownFileType = unknown; name = FontAwesome5_Solid.ttf; path = "../node_modules/native-base/Fonts/FontAwesome5_Solid.ttf"; sourceTree = "<group>"; };
		8F917B0F283F4BC1B3F7AB8D /* AntDesign.ttf */ = {isa = PBXFileReference; explicitFileType = undefined; fileEncoding = 9; includeInIndex = 0; lastKnownFileType = unknown; name = AntDesign.ttf; path = "../node_modules/react-native-vector-icons/Fonts/AntDesign.ttf"; sourceTree = "<group>"; };
		93C406DB7D82486591BF034F /* MaterialCommunityIcons.ttf */ = {isa = PBXFileReference; explicitFileType = undefined; fileEncoding = 9; includeInIndex = 0; lastKnownFileType = unknown; name = MaterialCommunityIcons.ttf; path = "../node_modules/native-base/Fonts/MaterialCommunityIcons.ttf"; sourceTree = "<group>"; };
		9CC67B4A578646A4BD0D002D /* MaterialIcons.ttf */ = {isa = PBXFileReference; explicitFileType = undefined; fileEncoding = 9; includeInIndex = 0; lastKnownFileType = unknown; name = MaterialIcons.ttf; path = "../node_modules/react-native-vector-icons/Fonts/MaterialIcons.ttf"; sourceTree = "<group>"; };
		9D2C832F586340E3965CC175 /* Zocial.ttf */ = {isa = PBXFileReference; explicitFileType = undefined; fileEncoding = 9; includeInIndex = 0; lastKnownFileType = unknown; name = Zocial.ttf; path = "../node_modules/react-native-vector-icons/Fonts/Zocial.ttf"; sourceTree = "<group>"; };
		A1317977144F4C9DBD9946A2 /* FontAwesome5_Solid.ttf */ = {isa = PBXFileReference; explicitFileType = undefined; fileEncoding = 9; includeInIndex = 0; lastKnownFileType = unknown; name = FontAwesome5_Solid.ttf; path = "../node_modules/react-native-vector-icons/Fonts/FontAwesome5_Solid.ttf"; sourceTree = "<group>"; };
		A53898D89F862B12DB9B49E6 /* Pods-OnlineMagazine-tvOS.debug.xcconfig */ = {isa = PBXFileReference; includeInIndex = 1; lastKnownFileType = text.xcconfig; name = "Pods-OnlineMagazine-tvOS.debug.xcconfig"; path = "Target Support Files/Pods-OnlineMagazine-tvOS/Pods-OnlineMagazine-tvOS.debug.xcconfig"; sourceTree = "<group>"; };
		B82C7FD86039F621B6749202 /* libPods-OnlineMagazineTests.a */ = {isa = PBXFileReference; explicitFileType = archive.ar; includeInIndex = 0; path = "libPods-OnlineMagazineTests.a"; sourceTree = BUILT_PRODUCTS_DIR; };
		BC185D6EBCEC42E99891B774 /* Roboto.ttf */ = {isa = PBXFileReference; explicitFileType = undefined; fileEncoding = 9; includeInIndex = 0; lastKnownFileType = unknown; name = Roboto.ttf; path = "../node_modules/native-base/Fonts/Roboto.ttf"; sourceTree = "<group>"; };
		C04955782C0E43738FE0CC03 /* Entypo.ttf */ = {isa = PBXFileReference; explicitFileType = undefined; fileEncoding = 9; includeInIndex = 0; lastKnownFileType = unknown; name = Entypo.ttf; path = "../node_modules/native-base/Fonts/Entypo.ttf"; sourceTree = "<group>"; };
		C0D68AD8F4DD4CCB9A3FE064 /* Montserrat-SemiBold.ttf */ = {isa = PBXFileReference; explicitFileType = undefined; fileEncoding = 9; includeInIndex = 0; lastKnownFileType = unknown; name = "Montserrat-SemiBold.ttf"; path = "../assets/fonts/Montserrat-SemiBold.ttf"; sourceTree = "<group>"; };
		C198AEF9EF405D4D7A652D1B /* Pods-OnlineMagazine-tvOSTests.debug.xcconfig */ = {isa = PBXFileReference; includeInIndex = 1; lastKnownFileType = text.xcconfig; name = "Pods-OnlineMagazine-tvOSTests.debug.xcconfig"; path = "Target Support Files/Pods-OnlineMagazine-tvOSTests/Pods-OnlineMagazine-tvOSTests.debug.xcconfig"; sourceTree = "<group>"; };
		C3B4CB6B7AFE4816A815C622 /* Ionicons.ttf */ = {isa = PBXFileReference; explicitFileType = undefined; fileEncoding = 9; includeInIndex = 0; lastKnownFileType = unknown; name = Ionicons.ttf; path = "../node_modules/native-base/Fonts/Ionicons.ttf"; sourceTree = "<group>"; };
		C4B5C7B74EBA445291D52056 /* FontAwesome5_Regular.ttf */ = {isa = PBXFileReference; explicitFileType = undefined; fileEncoding = 9; includeInIndex = 0; lastKnownFileType = unknown; name = FontAwesome5_Regular.ttf; path = "../node_modules/native-base/Fonts/FontAwesome5_Regular.ttf"; sourceTree = "<group>"; };
		C8AF23A62FF543A09915F217 /* Fontisto.ttf */ = {isa = PBXFileReference; explicitFileType = undefined; fileEncoding = 9; includeInIndex = 0; lastKnownFileType = unknown; name = Fontisto.ttf; path = "../node_modules/react-native-vector-icons/Fonts/Fontisto.ttf"; sourceTree = "<group>"; };
		CA82FF07B1514205BDA3885C /* rubicon-icon-font.ttf */ = {isa = PBXFileReference; explicitFileType = undefined; fileEncoding = 9; includeInIndex = 0; lastKnownFileType = unknown; name = "rubicon-icon-font.ttf"; path = "../node_modules/native-base/Fonts/rubicon-icon-font.ttf"; sourceTree = "<group>"; };
		CBDAB6961E4C4F6AB33A1546 /* FontAwesome.ttf */ = {isa = PBXFileReference; explicitFileType = undefined; fileEncoding = 9; includeInIndex = 0; lastKnownFileType = unknown; name = FontAwesome.ttf; path = "../node_modules/react-native-vector-icons/Fonts/FontAwesome.ttf"; sourceTree = "<group>"; };
		D931EFC7CD079742792F8172 /* Pods-OnlineMagazineTests.release.xcconfig */ = {isa = PBXFileReference; includeInIndex = 1; lastKnownFileType = text.xcconfig; name = "Pods-OnlineMagazineTests.release.xcconfig"; path = "Target Support Files/Pods-OnlineMagazineTests/Pods-OnlineMagazineTests.release.xcconfig"; sourceTree = "<group>"; };
		EA9D2A7761984B449F68A0DD /* Foundation.ttf */ = {isa = PBXFileReference; explicitFileType = undefined; fileEncoding = 9; includeInIndex = 0; lastKnownFileType = unknown; name = Foundation.ttf; path = "../node_modules/react-native-vector-icons/Fonts/Foundation.ttf"; sourceTree = "<group>"; };
		ED297162215061F000B7C4FE /* JavaScriptCore.framework */ = {isa = PBXFileReference; lastKnownFileType = wrapper.framework; name = JavaScriptCore.framework; path = System/Library/Frameworks/JavaScriptCore.framework; sourceTree = SDKROOT; };
		ED2971642150620600B7C4FE /* JavaScriptCore.framework */ = {isa = PBXFileReference; lastKnownFileType = wrapper.framework; name = JavaScriptCore.framework; path = Platforms/AppleTVOS.platform/Developer/SDKs/AppleTVOS12.0.sdk/System/Library/Frameworks/JavaScriptCore.framework; sourceTree = DEVELOPER_DIR; };
/* End PBXFileReference section */

/* Begin PBXFrameworksBuildPhase section */
		00E356EB1AD99517003FC87E /* Frameworks */ = {
			isa = PBXFrameworksBuildPhase;
			buildActionMask = 2147483647;
			files = (
				710C2002CE79D6FA53D4275C /* libPods-OnlineMagazineTests.a in Frameworks */,
			);
			runOnlyForDeploymentPostprocessing = 0;
		};
		13B07F8C1A680F5B00A75B9A /* Frameworks */ = {
			isa = PBXFrameworksBuildPhase;
			buildActionMask = 2147483647;
			files = (
				187480EE25A70F6400077759 /* libPods-OnlineMagazine.a in Frameworks */,
			);
			runOnlyForDeploymentPostprocessing = 0;
		};
		2D02E4781E0B4A5D006451C7 /* Frameworks */ = {
			isa = PBXFrameworksBuildPhase;
			buildActionMask = 2147483647;
			files = (
				5402DA5CB321C45CA2CC1B30 /* libPods-OnlineMagazine-tvOS.a in Frameworks */,
			);
			runOnlyForDeploymentPostprocessing = 0;
		};
		2D02E48D1E0B4A5D006451C7 /* Frameworks */ = {
			isa = PBXFrameworksBuildPhase;
			buildActionMask = 2147483647;
			files = (
				A7B906DD0AB52794C2276DF0 /* libPods-OnlineMagazine-tvOSTests.a in Frameworks */,
			);
			runOnlyForDeploymentPostprocessing = 0;
		};
/* End PBXFrameworksBuildPhase section */

/* Begin PBXGroup section */
		00E356EF1AD99517003FC87E /* OnlineMagazineTests */ = {
			isa = PBXGroup;
			children = (
				00E356F21AD99517003FC87E /* OnlineMagazineTests.m */,
				00E356F01AD99517003FC87E /* Supporting Files */,
			);
			path = OnlineMagazineTests;
			sourceTree = "<group>";
		};
		00E356F01AD99517003FC87E /* Supporting Files */ = {
			isa = PBXGroup;
			children = (
				00E356F11AD99517003FC87E /* Info.plist */,
			);
			name = "Supporting Files";
			sourceTree = "<group>";
		};
		13B07FAE1A68108700A75B9A /* OnlineMagazine */ = {
			isa = PBXGroup;
			children = (
				008F07F21AC5B25A0029DE68 /* main.jsbundle */,
				13B07FAF1A68108700A75B9A /* AppDelegate.h */,
				13B07FB01A68108700A75B9A /* AppDelegate.m */,
				13B07FB51A68108700A75B9A /* Images.xcassets */,
				13B07FB61A68108700A75B9A /* Info.plist */,
				13B07FB11A68108700A75B9A /* LaunchScreen.xib */,
				13B07FB71A68108700A75B9A /* main.m */,
			);
			name = OnlineMagazine;
			sourceTree = "<group>";
		};
		2D16E6871FA4F8E400B85C8A /* Frameworks */ = {
			isa = PBXGroup;
			children = (
				187480ED25A70F6400077759 /* libPods-OnlineMagazine.a */,
				ED297162215061F000B7C4FE /* JavaScriptCore.framework */,
				ED2971642150620600B7C4FE /* JavaScriptCore.framework */,
				1F5C6209550C5AB9F4372DCE /* libPods-OnlineMagazine.a */,
				356C76596C08830AE69B9429 /* libPods-OnlineMagazine-tvOS.a */,
				49DF821BE5EB721A23E0129D /* libPods-OnlineMagazine-tvOSTests.a */,
				B82C7FD86039F621B6749202 /* libPods-OnlineMagazineTests.a */,
			);
			name = Frameworks;
			sourceTree = "<group>";
		};
		5DEC831C8D75489BB486BAFE /* Resources */ = {
			isa = PBXGroup;
			children = (
				77458EEC37074275A60B2BAD /* AntDesign.ttf */,
				C04955782C0E43738FE0CC03 /* Entypo.ttf */,
				659FDC7EACF44D508EF7ADB4 /* EvilIcons.ttf */,
				61535C27D9C94B2F961C2798 /* Feather.ttf */,
				6D39796F45894178B1E46662 /* FontAwesome.ttf */,
				8073F56F51D24650BAE1F038 /* FontAwesome5_Brands.ttf */,
				C4B5C7B74EBA445291D52056 /* FontAwesome5_Regular.ttf */,
				8E94125F39F74078B9BB160C /* FontAwesome5_Solid.ttf */,
				8440E8703BC14F6584E09AB7 /* Fontisto.ttf */,
				03513EAD2B184874B7A6FB55 /* Foundation.ttf */,
				C3B4CB6B7AFE4816A815C622 /* Ionicons.ttf */,
				93C406DB7D82486591BF034F /* MaterialCommunityIcons.ttf */,
				05F4E89941D64262B9993206 /* MaterialIcons.ttf */,
				5BEF1DFE8E964E9B9E644797 /* Octicons.ttf */,
				8A2AB68496364DF88A24F55E /* Roboto_medium.ttf */,
				BC185D6EBCEC42E99891B774 /* Roboto.ttf */,
				CA82FF07B1514205BDA3885C /* rubicon-icon-font.ttf */,
				310BD43DCFE84C36A88F01E3 /* SimpleLineIcons.ttf */,
				854342A5B4F04659BF540D2A /* Zocial.ttf */,
				8F917B0F283F4BC1B3F7AB8D /* AntDesign.ttf */,
				200EB416F4B54787A24BF4EB /* Entypo.ttf */,
				85B968D052B846F5B88165CC /* EvilIcons.ttf */,
				8BE85750842B4CA1AA54FCAF /* Feather.ttf */,
				CBDAB6961E4C4F6AB33A1546 /* FontAwesome.ttf */,
				075CE9C2843D4C8A8756696C /* FontAwesome5_Brands.ttf */,
				726BE7BB69554E048A6C6E59 /* FontAwesome5_Regular.ttf */,
				A1317977144F4C9DBD9946A2 /* FontAwesome5_Solid.ttf */,
				C8AF23A62FF543A09915F217 /* Fontisto.ttf */,
				EA9D2A7761984B449F68A0DD /* Foundation.ttf */,
				19304B0644FD495AA721C643 /* Ionicons.ttf */,
				4282C17900F24BF2B39F18F0 /* MaterialCommunityIcons.ttf */,
				9CC67B4A578646A4BD0D002D /* MaterialIcons.ttf */,
				04684DC1E53E4B8DBD85EC09 /* Octicons.ttf */,
				4C09262F47334C69913BB48C /* SimpleLineIcons.ttf */,
				9D2C832F586340E3965CC175 /* Zocial.ttf */,
				87E4FF183BDD4A7FA3A4204B /* Montserrat-Bold.otf */,
				7F0A9FB326114DEDB73202C6 /* Montserrat-Medium.ttf */,
				827EBB9E5AE648188AAF6B64 /* Montserrat-Regular.otf */,
				C0D68AD8F4DD4CCB9A3FE064 /* Montserrat-SemiBold.ttf */,
			);
			name = Resources;
			sourceTree = "<group>";
		};
		832341AE1AAA6A7D00B99B32 /* Libraries */ = {
			isa = PBXGroup;
			children = (
			);
			name = Libraries;
			sourceTree = "<group>";
		};
		83CBB9F61A601CBA00E9B192 = {
			isa = PBXGroup;
			children = (
				13B07FAE1A68108700A75B9A /* OnlineMagazine */,
				832341AE1AAA6A7D00B99B32 /* Libraries */,
				00E356EF1AD99517003FC87E /* OnlineMagazineTests */,
				83CBBA001A601CBA00E9B192 /* Products */,
				2D16E6871FA4F8E400B85C8A /* Frameworks */,
				ACE8383406A4A736896F1F81 /* Pods */,
				5DEC831C8D75489BB486BAFE /* Resources */,
				187480EC25A70E0000077759 /* OnlineMagazine copy-Info.plist */,
			);
			indentWidth = 2;
			sourceTree = "<group>";
			tabWidth = 2;
			usesTabs = 0;
		};
		83CBBA001A601CBA00E9B192 /* Products */ = {
			isa = PBXGroup;
			children = (
				13B07F961A680F5B00A75B9A /* Online Magazine.app */,
				00E356EE1AD99517003FC87E /* OnlineMagazineTests.xctest */,
				2D02E47B1E0B4A5D006451C7 /* OnlineMagazine-tvOS.app */,
				2D02E4901E0B4A5D006451C7 /* OnlineMagazine-tvOSTests.xctest */,
			);
			name = Products;
			sourceTree = "<group>";
		};
		ACE8383406A4A736896F1F81 /* Pods */ = {
			isa = PBXGroup;
			children = (
				7C448C3F2799BC3AEE28C265 /* Pods-OnlineMagazine.debug.xcconfig */,
				88AD9833B5787C3DA923B6DB /* Pods-OnlineMagazine.release.xcconfig */,
				A53898D89F862B12DB9B49E6 /* Pods-OnlineMagazine-tvOS.debug.xcconfig */,
				559BB062635B1CD65FBE5C94 /* Pods-OnlineMagazine-tvOS.release.xcconfig */,
				C198AEF9EF405D4D7A652D1B /* Pods-OnlineMagazine-tvOSTests.debug.xcconfig */,
				4335BBD66D50358919ED2104 /* Pods-OnlineMagazine-tvOSTests.release.xcconfig */,
				471032BE5F8575CDD013BCE3 /* Pods-OnlineMagazineTests.debug.xcconfig */,
				D931EFC7CD079742792F8172 /* Pods-OnlineMagazineTests.release.xcconfig */,
			);
			path = Pods;
			sourceTree = "<group>";
		};
/* End PBXGroup section */

/* Begin PBXNativeTarget section */
		00E356ED1AD99517003FC87E /* OnlineMagazineTests */ = {
			isa = PBXNativeTarget;
			buildConfigurationList = 00E357021AD99517003FC87E /* Build configuration list for PBXNativeTarget "OnlineMagazineTests" */;
			buildPhases = (
				013CCB6830656FBAB0A719A2 /* [CP] Check Pods Manifest.lock */,
				00E356EA1AD99517003FC87E /* Sources */,
				00E356EB1AD99517003FC87E /* Frameworks */,
				00E356EC1AD99517003FC87E /* Resources */,
			);
			buildRules = (
			);
			dependencies = (
				00E356F51AD99517003FC87E /* PBXTargetDependency */,
			);
			name = OnlineMagazineTests;
			productName = OnlineMagazineTests;
			productReference = 00E356EE1AD99517003FC87E /* OnlineMagazineTests.xctest */;
			productType = "com.apple.product-type.bundle.unit-test";
		};
		13B07F861A680F5B00A75B9A /* OnlineMagazine */ = {
			isa = PBXNativeTarget;
			buildConfigurationList = 13B07F931A680F5B00A75B9A /* Build configuration list for PBXNativeTarget "OnlineMagazine" */;
			buildPhases = (
				5C5A46F31FAAABE89529B374 /* [CP] Check Pods Manifest.lock */,
				FD10A7F022414F080027D42C /* Start Packager */,
				13B07F871A680F5B00A75B9A /* Sources */,
				13B07F8C1A680F5B00A75B9A /* Frameworks */,
				13B07F8E1A680F5B00A75B9A /* Resources */,
				00DD1BFF1BD5951E006B06BC /* Bundle React Native code and images */,
				18300F31A494FC591AE36A3A /* [CP] Copy Pods Resources */,
			);
			buildRules = (
			);
			dependencies = (
			);
			name = OnlineMagazine;
			productName = OnlineMagazine;
			productReference = 13B07F961A680F5B00A75B9A /* Online Magazine.app */;
			productType = "com.apple.product-type.application";
		};
		2D02E47A1E0B4A5D006451C7 /* OnlineMagazine-tvOS */ = {
			isa = PBXNativeTarget;
			buildConfigurationList = 2D02E4BA1E0B4A5E006451C7 /* Build configuration list for PBXNativeTarget "OnlineMagazine-tvOS" */;
			buildPhases = (
				DCDB5B63070B1CE4D87F153B /* [CP] Check Pods Manifest.lock */,
				FD10A7F122414F3F0027D42C /* Start Packager */,
				2D02E4771E0B4A5D006451C7 /* Sources */,
				2D02E4781E0B4A5D006451C7 /* Frameworks */,
				2D02E4791E0B4A5D006451C7 /* Resources */,
				2D02E4CB1E0B4B27006451C7 /* Bundle React Native Code And Images */,
			);
			buildRules = (
			);
			dependencies = (
			);
			name = "OnlineMagazine-tvOS";
			productName = "OnlineMagazine-tvOS";
			productReference = 2D02E47B1E0B4A5D006451C7 /* OnlineMagazine-tvOS.app */;
			productType = "com.apple.product-type.application";
		};
		2D02E48F1E0B4A5D006451C7 /* OnlineMagazine-tvOSTests */ = {
			isa = PBXNativeTarget;
			buildConfigurationList = 2D02E4BB1E0B4A5E006451C7 /* Build configuration list for PBXNativeTarget "OnlineMagazine-tvOSTests" */;
			buildPhases = (
				7DDBE7D5F7AB552FFEB5DF45 /* [CP] Check Pods Manifest.lock */,
				2D02E48C1E0B4A5D006451C7 /* Sources */,
				2D02E48D1E0B4A5D006451C7 /* Frameworks */,
				2D02E48E1E0B4A5D006451C7 /* Resources */,
			);
			buildRules = (
			);
			dependencies = (
				2D02E4921E0B4A5D006451C7 /* PBXTargetDependency */,
			);
			name = "OnlineMagazine-tvOSTests";
			productName = "OnlineMagazine-tvOSTests";
			productReference = 2D02E4901E0B4A5D006451C7 /* OnlineMagazine-tvOSTests.xctest */;
			productType = "com.apple.product-type.bundle.unit-test";
		};
/* End PBXNativeTarget section */

/* Begin PBXProject section */
		83CBB9F71A601CBA00E9B192 /* Project object */ = {
			isa = PBXProject;
			attributes = {
				LastUpgradeCheck = 940;
				ORGANIZATIONNAME = Facebook;
				TargetAttributes = {
					00E356ED1AD99517003FC87E = {
						CreatedOnToolsVersion = 6.2;
						TestTargetID = 13B07F861A680F5B00A75B9A;
					};
					2D02E47A1E0B4A5D006451C7 = {
						CreatedOnToolsVersion = 8.2.1;
						ProvisioningStyle = Automatic;
					};
					2D02E48F1E0B4A5D006451C7 = {
						CreatedOnToolsVersion = 8.2.1;
						ProvisioningStyle = Automatic;
						TestTargetID = 2D02E47A1E0B4A5D006451C7;
					};
				};
			};
			buildConfigurationList = 83CBB9FA1A601CBA00E9B192 /* Build configuration list for PBXProject "OnlineMagazine" */;
			compatibilityVersion = "Xcode 10.0";
			developmentRegion = English;
			hasScannedForEncodings = 0;
			knownRegions = (
				English,
				en,
				Base,
			);
			mainGroup = 83CBB9F61A601CBA00E9B192;
			productRefGroup = 83CBBA001A601CBA00E9B192 /* Products */;
			projectDirPath = "";
			projectRoot = "";
			targets = (
				13B07F861A680F5B00A75B9A /* OnlineMagazine */,
				00E356ED1AD99517003FC87E /* OnlineMagazineTests */,
				2D02E47A1E0B4A5D006451C7 /* OnlineMagazine-tvOS */,
				2D02E48F1E0B4A5D006451C7 /* OnlineMagazine-tvOSTests */,
			);
		};
/* End PBXProject section */

/* Begin PBXResourcesBuildPhase section */
		00E356EC1AD99517003FC87E /* Resources */ = {
			isa = PBXResourcesBuildPhase;
			buildActionMask = 2147483647;
			files = (
			);
			runOnlyForDeploymentPostprocessing = 0;
		};
		13B07F8E1A680F5B00A75B9A /* Resources */ = {
			isa = PBXResourcesBuildPhase;
			buildActionMask = 2147483647;
			files = (
				13B07FBF1A68108700A75B9A /* Images.xcassets in Resources */,
				13B07FBD1A68108700A75B9A /* LaunchScreen.xib in Resources */,
				DE7A45A7F0DE42A082F954AB /* AntDesign.ttf in Resources */,
				1DE672FA5B134D38B861D434 /* Entypo.ttf in Resources */,
				B638BB8386714E7D842D828E /* EvilIcons.ttf in Resources */,
				C236B0F489AF43DC9BEE3189 /* Feather.ttf in Resources */,
				5B5BABAA028A4FEAA40970DC /* FontAwesome.ttf in Resources */,
				06485BD1DFEF461298370FD6 /* FontAwesome5_Brands.ttf in Resources */,
				5271276766C9425C8ADCFEA5 /* FontAwesome5_Regular.ttf in Resources */,
				C27BCDD575BE4BB3A4AA3039 /* FontAwesome5_Solid.ttf in Resources */,
				257F951185F94844838DE0DE /* Fontisto.ttf in Resources */,
				18839B6110144FE1BEE4AA72 /* Foundation.ttf in Resources */,
				941FAD54C3444C2BA0B6E1AC /* Ionicons.ttf in Resources */,
				D3E52F2AC4CA438780F56D94 /* MaterialCommunityIcons.ttf in Resources */,
				B3E73C0E5E144956B780ABD1 /* MaterialIcons.ttf in Resources */,
				FD5CE91EC39442AFAA7EEE8F /* Octicons.ttf in Resources */,
				5C464F75AA5A496E8B486B93 /* Roboto_medium.ttf in Resources */,
				8C839051CA2E49188058F8BF /* Roboto.ttf in Resources */,
				A30C8038818C4D15BEA3B255 /* rubicon-icon-font.ttf in Resources */,
				DF46DDB489EB46E3A2C8451B /* SimpleLineIcons.ttf in Resources */,
				43963C59CF03440E9878BC0A /* Zocial.ttf in Resources */,
				10C2A54DB4B14671B9B7D7B1 /* AntDesign.ttf in Resources */,
				4A31B0A1A4BB4DCC97146E3B /* Entypo.ttf in Resources */,
				3631E7452A9843698F295A25 /* EvilIcons.ttf in Resources */,
				AE4A3A2934624609BC26E821 /* Feather.ttf in Resources */,
				4776BFF99AB14F1689389F58 /* FontAwesome.ttf in Resources */,
				F2B13DB54848468FA11F2C42 /* FontAwesome5_Brands.ttf in Resources */,
				F49BB00BCBDB4F10AC13E2BE /* FontAwesome5_Regular.ttf in Resources */,
				2EE6CEC017414E8C9EC037A9 /* FontAwesome5_Solid.ttf in Resources */,
				2FCDC56BFE264562AC8B90C6 /* Fontisto.ttf in Resources */,
				D6D846D4111342948CCACA6D /* Foundation.ttf in Resources */,
				EC5C0DEB75F84CDE9EA8246F /* Ionicons.ttf in Resources */,
				56256B7754154106B223844B /* MaterialCommunityIcons.ttf in Resources */,
				6FB710C1715B42D59A146060 /* MaterialIcons.ttf in Resources */,
				8568D664008A41408EEDBBB2 /* Octicons.ttf in Resources */,
				C63D8D2814D44619BB006F36 /* SimpleLineIcons.ttf in Resources */,
				2E928C6057354C47924FBFC1 /* Zocial.ttf in Resources */,
				25D6E1937B46480893673BA2 /* Montserrat-Bold.otf in Resources */,
				A38A9FEFC75D4B9D871EFDB7 /* Montserrat-Medium.ttf in Resources */,
				EC9369C29506414288D26171 /* Montserrat-Regular.otf in Resources */,
				FABB7D435502443392D232AA /* Montserrat-SemiBold.ttf in Resources */,
			);
			runOnlyForDeploymentPostprocessing = 0;
		};
		2D02E4791E0B4A5D006451C7 /* Resources */ = {
			isa = PBXResourcesBuildPhase;
			buildActionMask = 2147483647;
			files = (
				2D02E4BD1E0B4A84006451C7 /* Images.xcassets in Resources */,
			);
			runOnlyForDeploymentPostprocessing = 0;
		};
		2D02E48E1E0B4A5D006451C7 /* Resources */ = {
			isa = PBXResourcesBuildPhase;
			buildActionMask = 2147483647;
			files = (
			);
			runOnlyForDeploymentPostprocessing = 0;
		};
/* End PBXResourcesBuildPhase section */

/* Begin PBXShellScriptBuildPhase section */
		00DD1BFF1BD5951E006B06BC /* Bundle React Native code and images */ = {
			isa = PBXShellScriptBuildPhase;
			buildActionMask = 2147483647;
			files = (
			);
			inputPaths = (
			);
			name = "Bundle React Native code and images";
			outputPaths = (
			);
			runOnlyForDeploymentPostprocessing = 0;
			shellPath = /bin/sh;
			shellScript = "export NODE_BINARY=node\n../node_modules/react-native/scripts/react-native-xcode.sh";
		};
		013CCB6830656FBAB0A719A2 /* [CP] Check Pods Manifest.lock */ = {
			isa = PBXShellScriptBuildPhase;
			buildActionMask = 2147483647;
			files = (
			);
			inputFileListPaths = (
			);
			inputPaths = (
				"${PODS_PODFILE_DIR_PATH}/Podfile.lock",
				"${PODS_ROOT}/Manifest.lock",
			);
			name = "[CP] Check Pods Manifest.lock";
			outputFileListPaths = (
			);
			outputPaths = (
				"$(DERIVED_FILE_DIR)/Pods-OnlineMagazineTests-checkManifestLockResult.txt",
			);
			runOnlyForDeploymentPostprocessing = 0;
			shellPath = /bin/sh;
			shellScript = "diff \"${PODS_PODFILE_DIR_PATH}/Podfile.lock\" \"${PODS_ROOT}/Manifest.lock\" > /dev/null\nif [ $? != 0 ] ; then\n    # print error to STDERR\n    echo \"error: The sandbox is not in sync with the Podfile.lock. Run 'pod install' or update your CocoaPods installation.\" >&2\n    exit 1\nfi\n# This output is used by Xcode 'outputs' to avoid re-running this script phase.\necho \"SUCCESS\" > \"${SCRIPT_OUTPUT_FILE_0}\"\n";
			showEnvVarsInLog = 0;
		};
		18300F31A494FC591AE36A3A /* [CP] Copy Pods Resources */ = {
			isa = PBXShellScriptBuildPhase;
			buildActionMask = 2147483647;
			files = (
			);
			inputFileListPaths = (
				"${PODS_ROOT}/Target Support Files/Pods-OnlineMagazine/Pods-OnlineMagazine-resources-${CONFIGURATION}-input-files.xcfilelist",
			);
			name = "[CP] Copy Pods Resources";
			outputFileListPaths = (
				"${PODS_ROOT}/Target Support Files/Pods-OnlineMagazine/Pods-OnlineMagazine-resources-${CONFIGURATION}-output-files.xcfilelist",
			);
			runOnlyForDeploymentPostprocessing = 0;
			shellPath = /bin/sh;
			shellScript = "\"${PODS_ROOT}/Target Support Files/Pods-OnlineMagazine/Pods-OnlineMagazine-resources.sh\"\n";
			showEnvVarsInLog = 0;
		};
		2D02E4CB1E0B4B27006451C7 /* Bundle React Native Code And Images */ = {
			isa = PBXShellScriptBuildPhase;
			buildActionMask = 2147483647;
			files = (
			);
			inputPaths = (
			);
			name = "Bundle React Native Code And Images";
			outputPaths = (
			);
			runOnlyForDeploymentPostprocessing = 0;
			shellPath = /bin/sh;
			shellScript = "export NODE_BINARY=node\n../node_modules/react-native/scripts/react-native-xcode.sh";
		};
		5C5A46F31FAAABE89529B374 /* [CP] Check Pods Manifest.lock */ = {
			isa = PBXShellScriptBuildPhase;
			buildActionMask = 2147483647;
			files = (
			);
			inputFileListPaths = (
			);
			inputPaths = (
				"${PODS_PODFILE_DIR_PATH}/Podfile.lock",
				"${PODS_ROOT}/Manifest.lock",
			);
			name = "[CP] Check Pods Manifest.lock";
			outputFileListPaths = (
			);
			outputPaths = (
				"$(DERIVED_FILE_DIR)/Pods-OnlineMagazine-checkManifestLockResult.txt",
			);
			runOnlyForDeploymentPostprocessing = 0;
			shellPath = /bin/sh;
			shellScript = "diff \"${PODS_PODFILE_DIR_PATH}/Podfile.lock\" \"${PODS_ROOT}/Manifest.lock\" > /dev/null\nif [ $? != 0 ] ; then\n    # print error to STDERR\n    echo \"error: The sandbox is not in sync with the Podfile.lock. Run 'pod install' or update your CocoaPods installation.\" >&2\n    exit 1\nfi\n# This output is used by Xcode 'outputs' to avoid re-running this script phase.\necho \"SUCCESS\" > \"${SCRIPT_OUTPUT_FILE_0}\"\n";
			showEnvVarsInLog = 0;
		};
		7DDBE7D5F7AB552FFEB5DF45 /* [CP] Check Pods Manifest.lock */ = {
			isa = PBXShellScriptBuildPhase;
			buildActionMask = 2147483647;
			files = (
			);
			inputFileListPaths = (
			);
			inputPaths = (
				"${PODS_PODFILE_DIR_PATH}/Podfile.lock",
				"${PODS_ROOT}/Manifest.lock",
			);
			name = "[CP] Check Pods Manifest.lock";
			outputFileListPaths = (
			);
			outputPaths = (
				"$(DERIVED_FILE_DIR)/Pods-OnlineMagazine-tvOSTests-checkManifestLockResult.txt",
			);
			runOnlyForDeploymentPostprocessing = 0;
			shellPath = /bin/sh;
			shellScript = "diff \"${PODS_PODFILE_DIR_PATH}/Podfile.lock\" \"${PODS_ROOT}/Manifest.lock\" > /dev/null\nif [ $? != 0 ] ; then\n    # print error to STDERR\n    echo \"error: The sandbox is not in sync with the Podfile.lock. Run 'pod install' or update your CocoaPods installation.\" >&2\n    exit 1\nfi\n# This output is used by Xcode 'outputs' to avoid re-running this script phase.\necho \"SUCCESS\" > \"${SCRIPT_OUTPUT_FILE_0}\"\n";
			showEnvVarsInLog = 0;
		};
		DCDB5B63070B1CE4D87F153B /* [CP] Check Pods Manifest.lock */ = {
			isa = PBXShellScriptBuildPhase;
			buildActionMask = 2147483647;
			files = (
			);
			inputFileListPaths = (
			);
			inputPaths = (
				"${PODS_PODFILE_DIR_PATH}/Podfile.lock",
				"${PODS_ROOT}/Manifest.lock",
			);
			name = "[CP] Check Pods Manifest.lock";
			outputFileListPaths = (
			);
			outputPaths = (
				"$(DERIVED_FILE_DIR)/Pods-OnlineMagazine-tvOS-checkManifestLockResult.txt",
			);
			runOnlyForDeploymentPostprocessing = 0;
			shellPath = /bin/sh;
			shellScript = "diff \"${PODS_PODFILE_DIR_PATH}/Podfile.lock\" \"${PODS_ROOT}/Manifest.lock\" > /dev/null\nif [ $? != 0 ] ; then\n    # print error to STDERR\n    echo \"error: The sandbox is not in sync with the Podfile.lock. Run 'pod install' or update your CocoaPods installation.\" >&2\n    exit 1\nfi\n# This output is used by Xcode 'outputs' to avoid re-running this script phase.\necho \"SUCCESS\" > \"${SCRIPT_OUTPUT_FILE_0}\"\n";
			showEnvVarsInLog = 0;
		};
		FD10A7F022414F080027D42C /* Start Packager */ = {
			isa = PBXShellScriptBuildPhase;
			buildActionMask = 2147483647;
			files = (
			);
			inputFileListPaths = (
			);
			inputPaths = (
			);
			name = "Start Packager";
			outputFileListPaths = (
			);
			outputPaths = (
			);
			runOnlyForDeploymentPostprocessing = 0;
			shellPath = /bin/sh;
			shellScript = "export RCT_METRO_PORT=\"${RCT_METRO_PORT:=8081}\"\necho \"export RCT_METRO_PORT=${RCT_METRO_PORT}\" > \"${SRCROOT}/../node_modules/react-native/scripts/.packager.env\"\nif [ -z \"${RCT_NO_LAUNCH_PACKAGER+xxx}\" ] ; then\n  if nc -w 5 -z localhost ${RCT_METRO_PORT} ; then\n    if ! curl -s \"http://localhost:${RCT_METRO_PORT}/status\" | grep -q \"packager-status:running\" ; then\n      echo \"Port ${RCT_METRO_PORT} already in use, packager is either not running or not running correctly\"\n      exit 2\n    fi\n  else\n    open \"$SRCROOT/../node_modules/react-native/scripts/launchPackager.command\" || echo \"Can't start packager automatically\"\n  fi\nfi\n";
			showEnvVarsInLog = 0;
		};
		FD10A7F122414F3F0027D42C /* Start Packager */ = {
			isa = PBXShellScriptBuildPhase;
			buildActionMask = 2147483647;
			files = (
			);
			inputFileListPaths = (
			);
			inputPaths = (
			);
			name = "Start Packager";
			outputFileListPaths = (
			);
			outputPaths = (
			);
			runOnlyForDeploymentPostprocessing = 0;
			shellPath = /bin/sh;
			shellScript = "export RCT_METRO_PORT=\"${RCT_METRO_PORT:=8081}\"\necho \"export RCT_METRO_PORT=${RCT_METRO_PORT}\" > \"${SRCROOT}/../node_modules/react-native/scripts/.packager.env\"\nif [ -z \"${RCT_NO_LAUNCH_PACKAGER+xxx}\" ] ; then\n  if nc -w 5 -z localhost ${RCT_METRO_PORT} ; then\n    if ! curl -s \"http://localhost:${RCT_METRO_PORT}/status\" | grep -q \"packager-status:running\" ; then\n      echo \"Port ${RCT_METRO_PORT} already in use, packager is either not running or not running correctly\"\n      exit 2\n    fi\n  else\n    open \"$SRCROOT/../node_modules/react-native/scripts/launchPackager.command\" || echo \"Can't start packager automatically\"\n  fi\nfi\n";
			showEnvVarsInLog = 0;
		};
/* End PBXShellScriptBuildPhase section */

/* Begin PBXSourcesBuildPhase section */
		00E356EA1AD99517003FC87E /* Sources */ = {
			isa = PBXSourcesBuildPhase;
			buildActionMask = 2147483647;
			files = (
				00E356F31AD99517003FC87E /* OnlineMagazineTests.m in Sources */,
			);
			runOnlyForDeploymentPostprocessing = 0;
		};
		13B07F871A680F5B00A75B9A /* Sources */ = {
			isa = PBXSourcesBuildPhase;
			buildActionMask = 2147483647;
			files = (
				13B07FBC1A68108700A75B9A /* AppDelegate.m in Sources */,
				13B07FC11A68108700A75B9A /* main.m in Sources */,
			);
			runOnlyForDeploymentPostprocessing = 0;
		};
		2D02E4771E0B4A5D006451C7 /* Sources */ = {
			isa = PBXSourcesBuildPhase;
			buildActionMask = 2147483647;
			files = (
				2D02E4BF1E0B4AB3006451C7 /* main.m in Sources */,
				2D02E4BC1E0B4A80006451C7 /* AppDelegate.m in Sources */,
			);
			runOnlyForDeploymentPostprocessing = 0;
		};
		2D02E48C1E0B4A5D006451C7 /* Sources */ = {
			isa = PBXSourcesBuildPhase;
			buildActionMask = 2147483647;
			files = (
				2DCD954D1E0B4F2C00145EB5 /* OnlineMagazineTests.m in Sources */,
			);
			runOnlyForDeploymentPostprocessing = 0;
		};
/* End PBXSourcesBuildPhase section */

/* Begin PBXTargetDependency section */
		00E356F51AD99517003FC87E /* PBXTargetDependency */ = {
			isa = PBXTargetDependency;
			target = 13B07F861A680F5B00A75B9A /* OnlineMagazine */;
			targetProxy = 00E356F41AD99517003FC87E /* PBXContainerItemProxy */;
		};
		2D02E4921E0B4A5D006451C7 /* PBXTargetDependency */ = {
			isa = PBXTargetDependency;
			target = 2D02E47A1E0B4A5D006451C7 /* OnlineMagazine-tvOS */;
			targetProxy = 2D02E4911E0B4A5D006451C7 /* PBXContainerItemProxy */;
		};
/* End PBXTargetDependency section */

/* Begin PBXVariantGroup section */
		13B07FB11A68108700A75B9A /* LaunchScreen.xib */ = {
			isa = PBXVariantGroup;
			children = (
				13B07FB21A68108700A75B9A /* Base */,
			);
			name = LaunchScreen.xib;
			path = OnlineMagazine;
			sourceTree = "<group>";
		};
/* End PBXVariantGroup section */

/* Begin XCBuildConfiguration section */
		00E356F61AD99517003FC87E /* Debug */ = {
			isa = XCBuildConfiguration;
			baseConfigurationReference = 471032BE5F8575CDD013BCE3 /* Pods-OnlineMagazineTests.debug.xcconfig */;
			buildSettings = {
				BUNDLE_LOADER = "$(TEST_HOST)";
				GCC_PREPROCESSOR_DEFINITIONS = (
					"DEBUG=1",
					"$(inherited)",
				);
				INFOPLIST_FILE = OnlineMagazineTests/Info.plist;
				IPHONEOS_DEPLOYMENT_TARGET = 9.0;
				LD_RUNPATH_SEARCH_PATHS = (
					"$(inherited)",
					"@executable_path/Frameworks",
					"@loader_path/Frameworks",
				);
				OTHER_LDFLAGS = (
					"-ObjC",
					"-lc++",
					"$(inherited)",
				);
				PRODUCT_BUNDLE_IDENTIFIER = "org.reactjs.native.example.$(PRODUCT_NAME:rfc1034identifier)";
				PRODUCT_NAME = "$(TARGET_NAME)";
				TEST_HOST = "$(BUILT_PRODUCTS_DIR)/OnlineMagazine.app/OnlineMagazine";
			};
			name = Debug;
		};
		00E356F71AD99517003FC87E /* Release */ = {
			isa = XCBuildConfiguration;
			baseConfigurationReference = D931EFC7CD079742792F8172 /* Pods-OnlineMagazineTests.release.xcconfig */;
			buildSettings = {
				BUNDLE_LOADER = "$(TEST_HOST)";
				COPY_PHASE_STRIP = NO;
				INFOPLIST_FILE = OnlineMagazineTests/Info.plist;
				IPHONEOS_DEPLOYMENT_TARGET = 9.0;
				LD_RUNPATH_SEARCH_PATHS = (
					"$(inherited)",
					"@executable_path/Frameworks",
					"@loader_path/Frameworks",
				);
				OTHER_LDFLAGS = (
					"-ObjC",
					"-lc++",
					"$(inherited)",
				);
				PRODUCT_BUNDLE_IDENTIFIER = "org.reactjs.native.example.$(PRODUCT_NAME:rfc1034identifier)";
				PRODUCT_NAME = "$(TARGET_NAME)";
				TEST_HOST = "$(BUILT_PRODUCTS_DIR)/OnlineMagazine.app/OnlineMagazine";
			};
			name = Release;
		};
		13B07F941A680F5B00A75B9A /* Debug */ = {
			isa = XCBuildConfiguration;
			baseConfigurationReference = 7C448C3F2799BC3AEE28C265 /* Pods-OnlineMagazine.debug.xcconfig */;
			buildSettings = {
				ASSETCATALOG_COMPILER_APPICON_NAME = AppIcon;
				CODE_SIGN_IDENTITY = "iPhone Distribution";
				CODE_SIGN_STYLE = Manual;
				CURRENT_PROJECT_VERSION = 1;
				DEAD_CODE_STRIPPING = NO;
				DEVELOPMENT_TEAM = H3XUKV427D;
				INFOPLIST_FILE = OnlineMagazine/Info.plist;
				LD_MAP_FILE_PATH = "$(TARGET_TEMP_DIR)/$(PRODUCT_NAME)-LinkMap-$(CURRENT_VARIANT)-$(CURRENT_ARCH).txt";
				LD_RUNPATH_SEARCH_PATHS = (
					"$(inherited)",
					"@executable_path/Frameworks",
				);
				MARKETING_VERSION = 1.11;
				OTHER_LDFLAGS = (
					"$(inherited)",
					"-ObjC",
					"-lc++",
				);
				PRODUCT_BUNDLE_IDENTIFIER = com.kodescraft.onlinemagazine;
				PRODUCT_NAME = "Online Magazine";
				PROVISIONING_PROFILE_SPECIFIER = "com.kodescraft.onlinemagazine AppStore";
				VERSIONING_SYSTEM = "apple-generic";
			};
			name = Debug;
		};
		13B07F951A680F5B00A75B9A /* Release */ = {
			isa = XCBuildConfiguration;
			baseConfigurationReference = 88AD9833B5787C3DA923B6DB /* Pods-OnlineMagazine.release.xcconfig */;
			buildSettings = {
				ASSETCATALOG_COMPILER_APPICON_NAME = AppIcon;
				CODE_SIGN_IDENTITY = "iPhone Distribution";
				CODE_SIGN_STYLE = Manual;
				CURRENT_PROJECT_VERSION = 1;
				DEVELOPMENT_TEAM = H3XUKV427D;
				INFOPLIST_FILE = OnlineMagazine/Info.plist;
				LD_MAP_FILE_PATH = "$(TARGET_TEMP_DIR)/$(PRODUCT_NAME)-LinkMap-$(CURRENT_VARIANT)-$(CURRENT_ARCH).txt";
				LD_RUNPATH_SEARCH_PATHS = (
					"$(inherited)",
					"@executable_path/Frameworks",
				);
				MARKETING_VERSION = 1.11;
				OTHER_LDFLAGS = (
					"$(inherited)",
					"-ObjC",
					"-lc++",
				);
				PRODUCT_BUNDLE_IDENTIFIER = com.kodescraft.onlinemagazine;
				PRODUCT_NAME = "Online Magazine";
				PROVISIONING_PROFILE_SPECIFIER = "com.kodescraft.onlinemagazine AppStore";
				VERSIONING_SYSTEM = "apple-generic";
			};
			name = Release;
		};
		2D02E4971E0B4A5E006451C7 /* Debug */ = {
			isa = XCBuildConfiguration;
			baseConfigurationReference = A53898D89F862B12DB9B49E6 /* Pods-OnlineMagazine-tvOS.debug.xcconfig */;
			buildSettings = {
				ASSETCATALOG_COMPILER_APPICON_NAME = "App Icon & Top Shelf Image";
				ASSETCATALOG_COMPILER_LAUNCHIMAGE_NAME = LaunchImage;
				CLANG_ANALYZER_NONNULL = YES;
				CLANG_WARN_DOCUMENTATION_COMMENTS = YES;
				CLANG_WARN_INFINITE_RECURSION = YES;
				CLANG_WARN_SUSPICIOUS_MOVE = YES;
				DEBUG_INFORMATION_FORMAT = dwarf;
				ENABLE_TESTABILITY = YES;
				GCC_NO_COMMON_BLOCKS = YES;
				INFOPLIST_FILE = "OnlineMagazine-tvOS/Info.plist";
				LD_RUNPATH_SEARCH_PATHS = (
					"$(inherited)",
					"@executable_path/Frameworks",
				);
				OTHER_LDFLAGS = (
					"$(inherited)",
					"-ObjC",
					"-lc++",
				);
				PRODUCT_BUNDLE_IDENTIFIER = "com.facebook.REACT.OnlineMagazine-tvOS";
				PRODUCT_NAME = "$(TARGET_NAME)";
				SDKROOT = appletvos;
				TARGETED_DEVICE_FAMILY = 3;
				TVOS_DEPLOYMENT_TARGET = 9.2;
			};
			name = Debug;
		};
		2D02E4981E0B4A5E006451C7 /* Release */ = {
			isa = XCBuildConfiguration;
			baseConfigurationReference = 559BB062635B1CD65FBE5C94 /* Pods-OnlineMagazine-tvOS.release.xcconfig */;
			buildSettings = {
				ASSETCATALOG_COMPILER_APPICON_NAME = "App Icon & Top Shelf Image";
				ASSETCATALOG_COMPILER_LAUNCHIMAGE_NAME = LaunchImage;
				CLANG_ANALYZER_NONNULL = YES;
				CLANG_WARN_DOCUMENTATION_COMMENTS = YES;
				CLANG_WARN_INFINITE_RECURSION = YES;
				CLANG_WARN_SUSPICIOUS_MOVE = YES;
				COPY_PHASE_STRIP = NO;
				DEBUG_INFORMATION_FORMAT = "dwarf-with-dsym";
				GCC_NO_COMMON_BLOCKS = YES;
				INFOPLIST_FILE = "OnlineMagazine-tvOS/Info.plist";
				LD_RUNPATH_SEARCH_PATHS = (
					"$(inherited)",
					"@executable_path/Frameworks",
				);
				OTHER_LDFLAGS = (
					"$(inherited)",
					"-ObjC",
					"-lc++",
				);
				PRODUCT_BUNDLE_IDENTIFIER = "com.facebook.REACT.OnlineMagazine-tvOS";
				PRODUCT_NAME = "$(TARGET_NAME)";
				SDKROOT = appletvos;
				TARGETED_DEVICE_FAMILY = 3;
				TVOS_DEPLOYMENT_TARGET = 9.2;
			};
			name = Release;
		};
		2D02E4991E0B4A5E006451C7 /* Debug */ = {
			isa = XCBuildConfiguration;
			baseConfigurationReference = C198AEF9EF405D4D7A652D1B /* Pods-OnlineMagazine-tvOSTests.debug.xcconfig */;
			buildSettings = {
				BUNDLE_LOADER = "$(TEST_HOST)";
				CLANG_ANALYZER_NONNULL = YES;
				CLANG_WARN_DOCUMENTATION_COMMENTS = YES;
				CLANG_WARN_INFINITE_RECURSION = YES;
				CLANG_WARN_SUSPICIOUS_MOVE = YES;
				DEBUG_INFORMATION_FORMAT = dwarf;
				ENABLE_TESTABILITY = YES;
				GCC_NO_COMMON_BLOCKS = YES;
				INFOPLIST_FILE = "OnlineMagazine-tvOSTests/Info.plist";
				LD_RUNPATH_SEARCH_PATHS = (
					"$(inherited)",
					"@executable_path/Frameworks",
					"@loader_path/Frameworks",
				);
				OTHER_LDFLAGS = (
					"$(inherited)",
					"-ObjC",
					"-lc++",
				);
				PRODUCT_BUNDLE_IDENTIFIER = "com.facebook.REACT.OnlineMagazine-tvOSTests";
				PRODUCT_NAME = "$(TARGET_NAME)";
				SDKROOT = appletvos;
				TEST_HOST = "$(BUILT_PRODUCTS_DIR)/OnlineMagazine-tvOS.app/OnlineMagazine-tvOS";
				TVOS_DEPLOYMENT_TARGET = 10.1;
			};
			name = Debug;
		};
		2D02E49A1E0B4A5E006451C7 /* Release */ = {
			isa = XCBuildConfiguration;
			baseConfigurationReference = 4335BBD66D50358919ED2104 /* Pods-OnlineMagazine-tvOSTests.release.xcconfig */;
			buildSettings = {
				BUNDLE_LOADER = "$(TEST_HOST)";
				CLANG_ANALYZER_NONNULL = YES;
				CLANG_WARN_DOCUMENTATION_COMMENTS = YES;
				CLANG_WARN_INFINITE_RECURSION = YES;
				CLANG_WARN_SUSPICIOUS_MOVE = YES;
				COPY_PHASE_STRIP = NO;
				DEBUG_INFORMATION_FORMAT = "dwarf-with-dsym";
				GCC_NO_COMMON_BLOCKS = YES;
				INFOPLIST_FILE = "OnlineMagazine-tvOSTests/Info.plist";
				LD_RUNPATH_SEARCH_PATHS = (
					"$(inherited)",
					"@executable_path/Frameworks",
					"@loader_path/Frameworks",
				);
				OTHER_LDFLAGS = (
					"$(inherited)",
					"-ObjC",
					"-lc++",
				);
				PRODUCT_BUNDLE_IDENTIFIER = "com.facebook.REACT.OnlineMagazine-tvOSTests";
				PRODUCT_NAME = "$(TARGET_NAME)";
				SDKROOT = appletvos;
				TEST_HOST = "$(BUILT_PRODUCTS_DIR)/OnlineMagazine-tvOS.app/OnlineMagazine-tvOS";
				TVOS_DEPLOYMENT_TARGET = 10.1;
			};
			name = Release;
		};
		83CBBA201A601CBA00E9B192 /* Debug */ = {
			isa = XCBuildConfiguration;
			buildSettings = {
				ALWAYS_SEARCH_USER_PATHS = NO;
				CLANG_CXX_LANGUAGE_STANDARD = "gnu++0x";
				CLANG_CXX_LIBRARY = "libc++";
				CLANG_ENABLE_MODULES = YES;
				CLANG_ENABLE_OBJC_ARC = YES;
				CLANG_WARN_BLOCK_CAPTURE_AUTORELEASING = YES;
				CLANG_WARN_BOOL_CONVERSION = YES;
				CLANG_WARN_COMMA = YES;
				CLANG_WARN_CONSTANT_CONVERSION = YES;
				CLANG_WARN_DEPRECATED_OBJC_IMPLEMENTATIONS = YES;
				CLANG_WARN_DIRECT_OBJC_ISA_USAGE = YES_ERROR;
				CLANG_WARN_EMPTY_BODY = YES;
				CLANG_WARN_ENUM_CONVERSION = YES;
				CLANG_WARN_INFINITE_RECURSION = YES;
				CLANG_WARN_INT_CONVERSION = YES;
				CLANG_WARN_NON_LITERAL_NULL_CONVERSION = YES;
				CLANG_WARN_OBJC_IMPLICIT_RETAIN_SELF = YES;
				CLANG_WARN_OBJC_LITERAL_CONVERSION = YES;
				CLANG_WARN_OBJC_ROOT_CLASS = YES_ERROR;
				CLANG_WARN_RANGE_LOOP_ANALYSIS = YES;
				CLANG_WARN_STRICT_PROTOTYPES = YES;
				CLANG_WARN_SUSPICIOUS_MOVE = YES;
				CLANG_WARN_UNREACHABLE_CODE = YES;
				CLANG_WARN__DUPLICATE_METHOD_MATCH = YES;
				"CODE_SIGN_IDENTITY[sdk=iphoneos*]" = "iPhone Developer";
				COPY_PHASE_STRIP = NO;
				ENABLE_STRICT_OBJC_MSGSEND = YES;
				ENABLE_TESTABILITY = YES;
				GCC_C_LANGUAGE_STANDARD = gnu99;
				GCC_DYNAMIC_NO_PIC = NO;
				GCC_NO_COMMON_BLOCKS = YES;
				GCC_OPTIMIZATION_LEVEL = 0;
				GCC_PREPROCESSOR_DEFINITIONS = (
					"DEBUG=1",
					"$(inherited)",
				);
				GCC_SYMBOLS_PRIVATE_EXTERN = NO;
				GCC_WARN_64_TO_32_BIT_CONVERSION = YES;
				GCC_WARN_ABOUT_RETURN_TYPE = YES_ERROR;
				GCC_WARN_UNDECLARED_SELECTOR = YES;
				GCC_WARN_UNINITIALIZED_AUTOS = YES_AGGRESSIVE;
				GCC_WARN_UNUSED_FUNCTION = YES;
				GCC_WARN_UNUSED_VARIABLE = YES;
				IPHONEOS_DEPLOYMENT_TARGET = 9.0;
				MTL_ENABLE_DEBUG_INFO = YES;
				ONLY_ACTIVE_ARCH = YES;
				SDKROOT = iphoneos;
			};
			name = Debug;
		};
		83CBBA211A601CBA00E9B192 /* Release */ = {
			isa = XCBuildConfiguration;
			buildSettings = {
				ALWAYS_SEARCH_USER_PATHS = NO;
				CLANG_CXX_LANGUAGE_STANDARD = "gnu++0x";
				CLANG_CXX_LIBRARY = "libc++";
				CLANG_ENABLE_MODULES = YES;
				CLANG_ENABLE_OBJC_ARC = YES;
				CLANG_WARN_BLOCK_CAPTURE_AUTORELEASING = YES;
				CLANG_WARN_BOOL_CONVERSION = YES;
				CLANG_WARN_COMMA = YES;
				CLANG_WARN_CONSTANT_CONVERSION = YES;
				CLANG_WARN_DEPRECATED_OBJC_IMPLEMENTATIONS = YES;
				CLANG_WARN_DIRECT_OBJC_ISA_USAGE = YES_ERROR;
				CLANG_WARN_EMPTY_BODY = YES;
				CLANG_WARN_ENUM_CONVERSION = YES;
				CLANG_WARN_INFINITE_RECURSION = YES;
				CLANG_WARN_INT_CONVERSION = YES;
				CLANG_WARN_NON_LITERAL_NULL_CONVERSION = YES;
				CLANG_WARN_OBJC_IMPLICIT_RETAIN_SELF = YES;
				CLANG_WARN_OBJC_LITERAL_CONVERSION = YES;
				CLANG_WARN_OBJC_ROOT_CLASS = YES_ERROR;
				CLANG_WARN_RANGE_LOOP_ANALYSIS = YES;
				CLANG_WARN_STRICT_PROTOTYPES = YES;
				CLANG_WARN_SUSPICIOUS_MOVE = YES;
				CLANG_WARN_UNREACHABLE_CODE = YES;
				CLANG_WARN__DUPLICATE_METHOD_MATCH = YES;
				"CODE_SIGN_IDENTITY[sdk=iphoneos*]" = "iPhone Developer";
				COPY_PHASE_STRIP = YES;
				ENABLE_NS_ASSERTIONS = NO;
				ENABLE_STRICT_OBJC_MSGSEND = YES;
				GCC_C_LANGUAGE_STANDARD = gnu99;
				GCC_NO_COMMON_BLOCKS = YES;
				GCC_WARN_64_TO_32_BIT_CONVERSION = YES;
				GCC_WARN_ABOUT_RETURN_TYPE = YES_ERROR;
				GCC_WARN_UNDECLARED_SELECTOR = YES;
				GCC_WARN_UNINITIALIZED_AUTOS = YES_AGGRESSIVE;
				GCC_WARN_UNUSED_FUNCTION = YES;
				GCC_WARN_UNUSED_VARIABLE = YES;
				IPHONEOS_DEPLOYMENT_TARGET = 9.0;
				MTL_ENABLE_DEBUG_INFO = NO;
				SDKROOT = iphoneos;
				VALIDATE_PRODUCT = YES;
			};
			name = Release;
		};
/* End XCBuildConfiguration section */

/* Begin XCConfigurationList section */
		00E357021AD99517003FC87E /* Build configuration list for PBXNativeTarget "OnlineMagazineTests" */ = {
			isa = XCConfigurationList;
			buildConfigurations = (
				00E356F61AD99517003FC87E /* Debug */,
				00E356F71AD99517003FC87E /* Release */,
			);
			defaultConfigurationIsVisible = 0;
			defaultConfigurationName = Release;
		};
		13B07F931A680F5B00A75B9A /* Build configuration list for PBXNativeTarget "OnlineMagazine" */ = {
			isa = XCConfigurationList;
			buildConfigurations = (
				13B07F941A680F5B00A75B9A /* Debug */,
				13B07F951A680F5B00A75B9A /* Release */,
			);
			defaultConfigurationIsVisible = 0;
			defaultConfigurationName = Release;
		};
		2D02E4BA1E0B4A5E006451C7 /* Build configuration list for PBXNativeTarget "OnlineMagazine-tvOS" */ = {
			isa = XCConfigurationList;
			buildConfigurations = (
				2D02E4971E0B4A5E006451C7 /* Debug */,
				2D02E4981E0B4A5E006451C7 /* Release */,
			);
			defaultConfigurationIsVisible = 0;
			defaultConfigurationName = Release;
		};
		2D02E4BB1E0B4A5E006451C7 /* Build configuration list for PBXNativeTarget "OnlineMagazine-tvOSTests" */ = {
			isa = XCConfigurationList;
			buildConfigurations = (
				2D02E4991E0B4A5E006451C7 /* Debug */,
				2D02E49A1E0B4A5E006451C7 /* Release */,
			);
			defaultConfigurationIsVisible = 0;
			defaultConfigurationName = Release;
		};
		83CBB9FA1A601CBA00E9B192 /* Build configuration list for PBXProject "OnlineMagazine" */ = {
			isa = XCConfigurationList;
			buildConfigurations = (
				83CBBA201A601CBA00E9B192 /* Debug */,
				83CBBA211A601CBA00E9B192 /* Release */,
			);
			defaultConfigurationIsVisible = 0;
			defaultConfigurationName = Release;
		};
/* End XCConfigurationList section */
	};
	rootObject = 83CBB9F71A601CBA00E9B192 /* Project object */;
}
